<?xml version="1.0" encoding="utf-8"?>
<Project ToolsVersion="4.0" xmlns="http://schemas.microsoft.com/developer/msbuild/2003">
  <ItemGroup>
    <ClCompile Include="ApiHashing.c">
      <Filter>Archivos de origen</Filter>
    </ClCompile>
    <ClCompile Include="ctaes.c">
      <Filter>Archivos de origen</Filter>
    </ClCompile>
    <ClCompile Include="main.c">
      <Filter>Archivos de origen</Filter>
    </ClCompile>
    <ClCompile Include="SyscallsGen.c">
      <Filter>Archivos de origen</Filter>
    </ClCompile>
    <ClCompile Include="WinApi.c">
      <Filter>Archivos de origen</Filter>
    </ClCompile>
    <ClCompile Include="WinInet.c">
      <Filter>Archivos de origen</Filter>
    </ClCompile>
    <ClCompile Include="Structs.h">
      <Filter>Archivos de encabezado</Filter>
    </ClCompile>
    <ClCompile Include="AntiAnalysis.c">
      <Filter>Archivos de origen</Filter>
    </ClCompile>
  </ItemGroup>
  <ItemGroup>
    <ClInclude Include="Common.h">
      <Filter>Archivos de encabezado</Filter>
    </ClInclude>
    <ClInclude Include="ctaes.h">
      <Filter>Archivos de encabezado</Filter>
    </ClInclude>
    <ClInclude Include="IatCamouflage.h">
      <Filter>Archivos de encabezado</Filter>
    </ClInclude>
    <ClInclude Include="typedefs.h">
      <Filter>Archivos de encabezado</Filter>
    </ClInclude>
  </ItemGroup>
  <ItemGroup>
    <Filter Include="Archivos de encabezado">
      <UniqueIdentifier>{8fb4b9ab-da3e-4987-8136-4ccc39f73b9f}</UniqueIdentifier>
    </Filter>
    <Filter Include="Archivos de origen">
      <UniqueIdentifier>{ea9bb9b1-9795-44d3-9513-f9c430cd0eaa}</UniqueIdentifier>
    </Filter>
  </ItemGroup>
  <ItemGroup>
    <MASM Include="assembly.asm">
      <Filter>Archivos de origen</Filter>
    </MASM>
  </ItemGroup>
</Project>